
Microsoft Visual Studio Solution File, Format Version 12.00
# Visual Studio 15
VisualStudioVersion = 15.0.26730.3
MinimumVisualStudioVersion = 10.0.40219.1
Project("{FAE04EC0-301F-11D3-BF4B-00C04F79EFBC}") = "TilePuzzle", "TilePuzzle\TilePuzzle.csproj", "{3589A534-163F-4804-A284-4DFB14A3745A}"
EndProject
Global
	GlobalSection(SolutionConfigurationPlatforms) = preSolution
		Debug|Any CPU = Debug|Any CPU
		Release|Any CPU = Release|Any CPU
	EndGlobalSection
	GlobalSection(ProjectConfigurationPlatforms) = postSolution
		{3589A534-163F-4804-A284-4DFB14A3745A}.Debug|Any CPU.ActiveCfg = Debug|Any CPU
		{3589A534-163F-4804-A284-4DFB14A3745A}.Debug|Any CPU.Build.0 = Debug|Any CPU
		{3589A534-163F-4804-A284-4DFB14A3745A}.Release|Any CPU.ActiveCfg = Release|Any CPU
		{3589A534-163F-4804-A284-4DFB14A3745A}.Release|Any CPU.Build.0 = Release|Any CPU
	EndGlobalSection
	GlobalSection(SolutionProperties) = preSolution
		HideSolutionNode = FALSE
	EndGlobalSection
	GlobalSection(ExtensibilityGlobals) = postSolution
		SolutionGuid = {B5064F75-6843-4515-AC91-5A084A63353A}
	EndGlobalSection
EndGlobal
